{
  "version": 4,
  "terraform_version": "1.9.5",
  "serial": 9,
  "lineage": "39534f0a-11fa-4677-1367-62bdf801edc0",
  "outputs": {
    "container_app_url": {
      "value": null,
      "type": "string"
    },
    "container_fqdn": {
      "value": null,
      "type": "string"
    }
  },
  "resources": [
    {
      "mode": "managed",
      "type": "azurerm_postgresql_flexible_server",
      "name": "main",
      "provider": "provider[\"registry.terraform.io/hashicorp/azurerm\"]",
      "instances": [
        {
          "schema_version": 0,
          "attributes": {
            "administrator_login": "cirs",
            "administrator_password": "a7xtrGHx1IBqku",
            "authentication": [
              {
                "active_directory_auth_enabled": false,
                "password_auth_enabled": true,
                "tenant_id": ""
              }
            ],
            "auto_grow_enabled": false,
            "backup_retention_days": 7,
            "create_mode": null,
            "customer_managed_key": [],
            "delegated_subnet_id": "",
            "fqdn": "new-distortioncheckdb.postgres.database.azure.com",
            "geo_redundant_backup_enabled": false,
            "high_availability": [],
            "id": "/subscriptions/722e68bd-c817-42c1-81a5-3aa6d677e76a/resourceGroups/distortioncheck_group/providers/Microsoft.DBforPostgreSQL/flexibleServers/new-distortioncheckdb",
            "identity": [],
            "location": "eastus2",
            "maintenance_window": [],
            "name": "new-distortioncheckdb",
            "point_in_time_restore_time_in_utc": null,
            "private_dns_zone_id": "",
            "public_network_access_enabled": true,
            "replication_role": "",
            "resource_group_name": "distortioncheck_group",
            "sku_name": "B_Standard_B1ms",
            "source_server_id": null,
            "storage_mb": 32768,
            "storage_tier": "P4",
            "tags": {
              "environment": "production"
            },
            "timeouts": null,
            "version": "12",
            "zone": "1"
          },
          "sensitive_attributes": [
            [
              {
                "type": "get_attr",
                "value": "administrator_password"
              }
            ]
          ],
          "private": "eyJlMmJmYjczMC1lY2FhLTExZTYtOGY4OC0zNDM2M2JjN2M0YzAiOnsiY3JlYXRlIjozNjAwMDAwMDAwMDAwLCJkZWxldGUiOjM2MDAwMDAwMDAwMDAsInJlYWQiOjMwMDAwMDAwMDAwMCwidXBkYXRlIjozNjAwMDAwMDAwMDAwfX0=",
          "dependencies": [
            "azurerm_resource_group.main"
          ]
        }
      ]
    },
    {
      "mode": "managed",
      "type": "azurerm_postgresql_flexible_server_database",
      "name": "main",
      "provider": "provider[\"registry.terraform.io/hashicorp/azurerm\"]",
      "instances": [
        {
          "schema_version": 0,
          "attributes": {
            "charset": "UTF8",
            "collation": "en_US.utf8",
            "id": "/subscriptions/722e68bd-c817-42c1-81a5-3aa6d677e76a/resourceGroups/distortioncheck_group/providers/Microsoft.DBforPostgreSQL/flexibleServers/new-distortioncheckdb/databases/cirs",
            "name": "cirs",
            "server_id": "/subscriptions/722e68bd-c817-42c1-81a5-3aa6d677e76a/resourceGroups/distortioncheck_group/providers/Microsoft.DBforPostgreSQL/flexibleServers/new-distortioncheckdb",
            "timeouts": null
          },
          "sensitive_attributes": [],
          "private": "eyJlMmJmYjczMC1lY2FhLTExZTYtOGY4OC0zNDM2M2JjN2M0YzAiOnsiY3JlYXRlIjoxODAwMDAwMDAwMDAwLCJkZWxldGUiOjE4MDAwMDAwMDAwMDAsInJlYWQiOjMwMDAwMDAwMDAwMH19",
          "dependencies": [
            "azurerm_postgresql_flexible_server.main",
            "azurerm_resource_group.main"
          ]
        }
      ]
    },
    {
      "mode": "managed",
      "type": "azurerm_resource_group",
      "name": "main",
      "provider": "provider[\"registry.terraform.io/hashicorp/azurerm\"]",
      "instances": [
        {
          "schema_version": 0,
          "attributes": {
            "id": "/subscriptions/722e68bd-c817-42c1-81a5-3aa6d677e76a/resourceGroups/distortioncheck_group",
            "location": "eastus",
            "managed_by": "",
            "name": "distortioncheck_group",
            "tags": {},
            "timeouts": null
          },
          "sensitive_attributes": [],
          "private": "eyJlMmJmYjczMC1lY2FhLTExZTYtOGY4OC0zNDM2M2JjN2M0YzAiOnsiY3JlYXRlIjo1NDAwMDAwMDAwMDAwLCJkZWxldGUiOjU0MDAwMDAwMDAwMDAsInJlYWQiOjMwMDAwMDAwMDAwMCwidXBkYXRlIjo1NDAwMDAwMDAwMDAwfSwic2NoZW1hX3ZlcnNpb24iOiIwIn0="
        }
      ]
    }
  ],
  "check_results": null
}
