{
  "version": 4,
  "terraform_version": "1.9.5",
  "serial": 5,
  "lineage": "39534f0a-11fa-4677-1367-62bdf801edc0",
  "outputs": {
    "container_app_url": {
      "value": null,
      "type": "string"
    },
    "container_fqdn": {
      "value": null,
      "type": "string"
    }
  },
  "resources": [
    {
      "mode": "managed",
      "type": "azurerm_resource_group",
      "name": "main",
      "provider": "provider[\"registry.terraform.io/hashicorp/azurerm\"]",
      "instances": [
        {
          "schema_version": 0,
          "attributes": {
            "id": "/subscriptions/722e68bd-c817-42c1-81a5-3aa6d677e76a/resourceGroups/distortioncheck_group",
            "location": "eastus",
            "managed_by": "",
            "name": "distortioncheck_group",
            "tags": {},
            "timeouts": null
          },
          "sensitive_attributes": [],
          "private": "eyJlMmJmYjczMC1lY2FhLTExZTYtOGY4OC0zNDM2M2JjN2M0YzAiOnsiY3JlYXRlIjo1NDAwMDAwMDAwMDAwLCJkZWxldGUiOjU0MDAwMDAwMDAwMDAsInJlYWQiOjMwMDAwMDAwMDAwMCwidXBkYXRlIjo1NDAwMDAwMDAwMDAwfSwic2NoZW1hX3ZlcnNpb24iOiIwIn0="
        }
      ]
    }
  ],
  "check_results": null
}
